
Microsoft Visual Studio Solution File, Format Version 12.00
# Visual Studio Version 17
VisualStudioVersion = 17.7.34009.444
MinimumVisualStudioVersion = 10.0.40219.1
Project("{FAE04EC0-301F-11D3-BF4B-00C04F79EFBC}") = "Method_Summation", "Method_Summation\Method_Summation.csproj", "{54D2FD8B-21BD-4256-8723-94538EA6E6DC}"
EndProject
Global
	GlobalSection(SolutionConfigurationPlatforms) = preSolution
		Debug|Any CPU = Debug|Any CPU
		Release|Any CPU = Release|Any CPU
	EndGlobalSection
	GlobalSection(ProjectConfigurationPlatforms) = postSolution
		{54D2FD8B-21BD-4256-8723-94538EA6E6DC}.Debug|Any CPU.ActiveCfg = Debug|Any CPU
		{54D2FD8B-21BD-4256-8723-94538EA6E6DC}.Debug|Any CPU.Build.0 = Debug|Any CPU
		{54D2FD8B-21BD-4256-8723-94538EA6E6DC}.Release|Any CPU.ActiveCfg = Release|Any CPU
		{54D2FD8B-21BD-4256-8723-94538EA6E6DC}.Release|Any CPU.Build.0 = Release|Any CPU
	EndGlobalSection
	GlobalSection(SolutionProperties) = preSolution
		HideSolutionNode = FALSE
	EndGlobalSection
	GlobalSection(ExtensibilityGlobals) = postSolution
		SolutionGuid = {19289200-F260-480F-9DB2-77FDACB9C881}
	EndGlobalSection
EndGlobal
