
Microsoft Visual Studio Solution File, Format Version 12.00
# Visual Studio Version 17
VisualStudioVersion = 17.7.34009.444
MinimumVisualStudioVersion = 10.0.40219.1
Project("{FAE04EC0-301F-11D3-BF4B-00C04F79EFBC}") = "DeathlandSaga", "DeathlandSaga\DeathlandSaga.csproj", "{F15C13D8-9477-4BCB-A8DA-F153F5F0CBDA}"
EndProject
Global
	GlobalSection(SolutionConfigurationPlatforms) = preSolution
		Debug|Any CPU = Debug|Any CPU
		Release|Any CPU = Release|Any CPU
	EndGlobalSection
	GlobalSection(ProjectConfigurationPlatforms) = postSolution
		{F15C13D8-9477-4BCB-A8DA-F153F5F0CBDA}.Debug|Any CPU.ActiveCfg = Debug|Any CPU
		{F15C13D8-9477-4BCB-A8DA-F153F5F0CBDA}.Debug|Any CPU.Build.0 = Debug|Any CPU
		{F15C13D8-9477-4BCB-A8DA-F153F5F0CBDA}.Release|Any CPU.ActiveCfg = Release|Any CPU
		{F15C13D8-9477-4BCB-A8DA-F153F5F0CBDA}.Release|Any CPU.Build.0 = Release|Any CPU
	EndGlobalSection
	GlobalSection(SolutionProperties) = preSolution
		HideSolutionNode = FALSE
	EndGlobalSection
	GlobalSection(ExtensibilityGlobals) = postSolution
		SolutionGuid = {8CE81E12-8096-48AF-8459-2979275DCB60}
	EndGlobalSection
EndGlobal
